
Microsoft Visual Studio Solution File, Format Version 12.00
# Visual Studio Version 16
VisualStudioVersion = 16.0.30524.135
MinimumVisualStudioVersion = 10.0.40219.1
Project("{FAE04EC0-301F-11D3-BF4B-00C04F79EFBC}") = "console-chart-quiz-VeithFlorian", "console-chart-quiz-VeithFlorian.csproj", "{30F9167E-3EB1-45C9-871A-C3CA82827B1E}"
EndProject
Global
	GlobalSection(SolutionConfigurationPlatforms) = preSolution
		Debug|Any CPU = Debug|Any CPU
		Release|Any CPU = Release|Any CPU
	EndGlobalSection
	GlobalSection(ProjectConfigurationPlatforms) = postSolution
		{30F9167E-3EB1-45C9-871A-C3CA82827B1E}.Debug|Any CPU.ActiveCfg = Debug|Any CPU
		{30F9167E-3EB1-45C9-871A-C3CA82827B1E}.Debug|Any CPU.Build.0 = Debug|Any CPU
		{30F9167E-3EB1-45C9-871A-C3CA82827B1E}.Release|Any CPU.ActiveCfg = Release|Any CPU
		{30F9167E-3EB1-45C9-871A-C3CA82827B1E}.Release|Any CPU.Build.0 = Release|Any CPU
	EndGlobalSection
	GlobalSection(SolutionProperties) = preSolution
		HideSolutionNode = FALSE
	EndGlobalSection
	GlobalSection(ExtensibilityGlobals) = postSolution
		SolutionGuid = {0C5CB8BD-3A9C-44B9-9635-9CB4B9D96967}
	EndGlobalSection
EndGlobal
